Microsoft Visual Studio Solution File, Format Version 11.00
# Visual Studio 2008

Project("{4830B0C0-D07F-66B4-2A38-7551FF43A715}") = "Moonlight-Protocol-master", "Assembly-CSharp-firstpass.csproj", "{F56BC859-CAEA-44E5-2389-CF7E5D292AF0}"
EndProject
Project("{4830B0C0-D07F-66B4-2A38-7551FF43A715}") = "Moonlight-Protocol-master", "Assembly-UnityScript-firstpass.unityproj", "{52234695-1D5F-570E-FCEE-459081399359}"
EndProject
Project("{4830B0C0-D07F-66B4-2A38-7551FF43A715}") = "Moonlight-Protocol-master", "Assembly-UnityScript.unityproj", "{1849EF8C-EFB5-565B-A544-C53836219AAE}"
EndProject
Global
	GlobalSection(SolutionConfigurationPlatforms) = preSolution
		Debug|Any CPU = Debug|Any CPU
		Release|Any CPU = Release|Any CPU
	EndGlobalSection
	GlobalSection(ProjectConfigurationPlatforms) = postSolution
		{F56BC859-CAEA-44E5-2389-CF7E5D292AF0}.Debug|Any CPU.ActiveCfg = Debug|Any CPU
		{F56BC859-CAEA-44E5-2389-CF7E5D292AF0}.Debug|Any CPU.Build.0 = Debug|Any CPU
		{F56BC859-CAEA-44E5-2389-CF7E5D292AF0}.Release|Any CPU.ActiveCfg = Release|Any CPU
		{F56BC859-CAEA-44E5-2389-CF7E5D292AF0}.Release|Any CPU.Build.0 = Release|Any CPU
		{52234695-1D5F-570E-FCEE-459081399359}.Debug|Any CPU.ActiveCfg = Debug|Any CPU
		{52234695-1D5F-570E-FCEE-459081399359}.Debug|Any CPU.Build.0 = Debug|Any CPU
		{52234695-1D5F-570E-FCEE-459081399359}.Release|Any CPU.ActiveCfg = Release|Any CPU
		{52234695-1D5F-570E-FCEE-459081399359}.Release|Any CPU.Build.0 = Release|Any CPU
		{1849EF8C-EFB5-565B-A544-C53836219AAE}.Debug|Any CPU.ActiveCfg = Debug|Any CPU
		{1849EF8C-EFB5-565B-A544-C53836219AAE}.Debug|Any CPU.Build.0 = Debug|Any CPU
		{1849EF8C-EFB5-565B-A544-C53836219AAE}.Release|Any CPU.ActiveCfg = Release|Any CPU
		{1849EF8C-EFB5-565B-A544-C53836219AAE}.Release|Any CPU.Build.0 = Release|Any CPU
	EndGlobalSection
	GlobalSection(SolutionProperties) = preSolution
		HideSolutionNode = FALSE
	EndGlobalSection
																																		GlobalSection(MonoDevelopProperties) = preSolution
		StartupItem = Assembly-CSharp.csproj
		Policies = $0
		$0.TextStylePolicy = $1
		$1.inheritsSet = null
		$1.scope = text/x-csharp
		$0.CSharpFormattingPolicy = $2
		$2.inheritsSet = Mono
		$2.inheritsScope = text/x-csharp
		$2.scope = text/x-csharp
		$0.TextStylePolicy = $3
		$3.FileWidth = 120
		$3.TabWidth = 4
		$3.EolMarker = Unix
		$3.inheritsSet = Mono
		$3.inheritsScope = text/plain
		$3.scope = text/plain
	EndGlobalSection

EndGlobal
